// !$*UTF8*$!
{
	archiveVersion = 1;
	classes = {
	};
	objectVersion = 56;
	objects = {

/* Begin PBXBuildFile section */
		275441712CCF8C1E008A06E5 /* AppDelegate.swift in Sources */ = {isa = PBXBuildFile; fileRef = 275441702CCF8C1E008A06E5 /* AppDelegate.swift */; };
		275441732CCF8C1E008A06E5 /* SceneDelegate.swift in Sources */ = {isa = PBXBuildFile; fileRef = 275441722CCF8C1E008A06E5 /* SceneDelegate.swift */; };
		275441752CCF8C1E008A06E5 /* ViewController.swift in Sources */ = {isa = PBXBuildFile; fileRef = 275441742CCF8C1E008A06E5 /* ViewController.swift */; };
		275441782CCF8C1E008A06E5 /* Base in Resources */ = {isa = PBXBuildFile; fileRef = 275441772CCF8C1E008A06E5 /* Base */; };
		2754417B2CCF8C1E008A06E5 /* SeaFood.xcdatamodeld in Sources */ = {isa = PBXBuildFile; fileRef = 275441792CCF8C1E008A06E5 /* SeaFood.xcdatamodeld */; };
		2754417D2CCF8C20008A06E5 /* Assets.xcassets in Resources */ = {isa = PBXBuildFile; fileRef = 2754417C2CCF8C20008A06E5 /* Assets.xcassets */; };
		275441802CCF8C20008A06E5 /* Base in Resources */ = {isa = PBXBuildFile; fileRef = 2754417F2CCF8C20008A06E5 /* Base */; };
		2754418B2CCF8C20008A06E5 /* SeaFoodTests.swift in Sources */ = {isa = PBXBuildFile; fileRef = 2754418A2CCF8C20008A06E5 /* SeaFoodTests.swift */; };
		275441952CCF8C20008A06E5 /* SeaFoodUITests.swift in Sources */ = {isa = PBXBuildFile; fileRef = 275441942CCF8C20008A06E5 /* SeaFoodUITests.swift */; };
		275441972CCF8C20008A06E5 /* SeaFoodUITestsLaunchTests.swift in Sources */ = {isa = PBXBuildFile; fileRef = 275441962CCF8C20008A06E5 /* SeaFoodUITestsLaunchTests.swift */; };
		275441A42CCF8C53008A06E5 /* Inceptionv3.mlmodel in Sources */ = {isa = PBXBuildFile; fileRef = 275441A32CCF8C53008A06E5 /* Inceptionv3.mlmodel */; };
/* End PBXBuildFile section */

/* Begin PBXContainerItemProxy section */
		275441872CCF8C20008A06E5 /* PBXContainerItemProxy */ = {
			isa = PBXContainerItemProxy;
			containerPortal = 275441652CCF8C1E008A06E5 /* Project object */;
			proxyType = 1;
			remoteGlobalIDString = 2754416C2CCF8C1E008A06E5;
			remoteInfo = SeaFood;
		};
		275441912CCF8C20008A06E5 /* PBXContainerItemProxy */ = {
			isa = PBXContainerItemProxy;
			containerPortal = 275441652CCF8C1E008A06E5 /* Project object */;
			proxyType = 1;
			remoteGlobalIDString = 2754416C2CCF8C1E008A06E5;
			remoteInfo = SeaFood;
		};
/* End PBXContainerItemProxy section */

/* Begin PBXFileReference section */
		2754416D2CCF8C1E008A06E5 /* SeaFood.app */ = {isa = PBXFileReference; explicitFileType = wrapper.application; includeInIndex = 0; path = SeaFood.app; sourceTree = BUILT_PRODUCTS_DIR; };
		275441702CCF8C1E008A06E5 /* AppDelegate.swift */ = {isa = PBXFileReference; lastKnownFileType = sourcecode.swift; path = AppDelegate.swift; sourceTree = "<group>"; };
		275441722CCF8C1E008A06E5 /* SceneDelegate.swift */ = {isa = PBXFileReference; lastKnownFileType = sourcecode.swift; path = SceneDelegate.swift; sourceTree = "<group>"; };
		275441742CCF8C1E008A06E5 /* ViewController.swift */ = {isa = PBXFileReference; lastKnownFileType = sourcecode.swift; path = ViewController.swift; sourceTree = "<group>"; };
		275441772CCF8C1E008A06E5 /* Base */ = {isa = PBXFileReference; lastKnownFileType = file.storyboard; name = Base; path = Base.lproj/Main.storyboard; sourceTree = "<group>"; };
		2754417A2CCF8C1E008A06E5 /* SeaFood.xcdatamodel */ = {isa = PBXFileReference; lastKnownFileType = wrapper.xcdatamodel; path = SeaFood.xcdatamodel; sourceTree = "<group>"; };
		2754417C2CCF8C20008A06E5 /* Assets.xcassets */ = {isa = PBXFileReference; lastKnownFileType = folder.assetcatalog; path = Assets.xcassets; sourceTree = "<group>"; };
		2754417F2CCF8C20008A06E5 /* Base */ = {isa = PBXFileReference; lastKnownFileType = file.storyboard; name = Base; path = Base.lproj/LaunchScreen.storyboard; sourceTree = "<group>"; };
		275441812CCF8C20008A06E5 /* Info.plist */ = {isa = PBXFileReference; lastKnownFileType = text.plist.xml; path = Info.plist; sourceTree = "<group>"; };
		275441862CCF8C20008A06E5 /* SeaFoodTests.xctest */ = {isa = PBXFileReference; explicitFileType = wrapper.cfbundle; includeInIndex = 0; path = SeaFoodTests.xctest; sourceTree = BUILT_PRODUCTS_DIR; };
		2754418A2CCF8C20008A06E5 /* SeaFoodTests.swift */ = {isa = PBXFileReference; lastKnownFileType = sourcecode.swift; path = SeaFoodTests.swift; sourceTree = "<group>"; };
		275441902CCF8C20008A06E5 /* SeaFoodUITests.xctest */ = {isa = PBXFileReference; explicitFileType = wrapper.cfbundle; includeInIndex = 0; path = SeaFoodUITests.xctest; sourceTree = BUILT_PRODUCTS_DIR; };
		275441942CCF8C20008A06E5 /* SeaFoodUITests.swift */ = {isa = PBXFileReference; lastKnownFileType = sourcecode.swift; path = SeaFoodUITests.swift; sourceTree = "<group>"; };
		275441962CCF8C20008A06E5 /* SeaFoodUITestsLaunchTests.swift */ = {isa = PBXFileReference; lastKnownFileType = sourcecode.swift; path = SeaFoodUITestsLaunchTests.swift; sourceTree = "<group>"; };
		275441A32CCF8C53008A06E5 /* Inceptionv3.mlmodel */ = {isa = PBXFileReference; lastKnownFileType = file.mlmodel; path = Inceptionv3.mlmodel; sourceTree = "<group>"; };
/* End PBXFileReference section */

/* Begin PBXFrameworksBuildPhase section */
		2754416A2CCF8C1E008A06E5 /* Frameworks */ = {
			isa = PBXFrameworksBuildPhase;
			buildActionMask = 2147483647;
			files = (
			);
			runOnlyForDeploymentPostprocessing = 0;
		};
		275441832CCF8C20008A06E5 /* Frameworks */ = {
			isa = PBXFrameworksBuildPhase;
			buildActionMask = 2147483647;
			files = (
			);
			runOnlyForDeploymentPostprocessing = 0;
		};
		2754418D2CCF8C20008A06E5 /* Frameworks */ = {
			isa = PBXFrameworksBuildPhase;
			buildActionMask = 2147483647;
			files = (
			);
			runOnlyForDeploymentPostprocessing = 0;
		};
/* End PBXFrameworksBuildPhase section */

/* Begin PBXGroup section */
		275441642CCF8C1E008A06E5 = {
			isa = PBXGroup;
			children = (
				2754416F2CCF8C1E008A06E5 /* SeaFood */,
				275441892CCF8C20008A06E5 /* SeaFoodTests */,
				275441932CCF8C20008A06E5 /* SeaFoodUITests */,
				2754416E2CCF8C1E008A06E5 /* Products */,
			);
			sourceTree = "<group>";
		};
		2754416E2CCF8C1E008A06E5 /* Products */ = {
			isa = PBXGroup;
			children = (
				2754416D2CCF8C1E008A06E5 /* SeaFood.app */,
				275441862CCF8C20008A06E5 /* SeaFoodTests.xctest */,
				275441902CCF8C20008A06E5 /* SeaFoodUITests.xctest */,
			);
			name = Products;
			sourceTree = "<group>";
		};
		2754416F2CCF8C1E008A06E5 /* SeaFood */ = {
			isa = PBXGroup;
			children = (
				275441702CCF8C1E008A06E5 /* AppDelegate.swift */,
				275441722CCF8C1E008A06E5 /* SceneDelegate.swift */,
				275441742CCF8C1E008A06E5 /* ViewController.swift */,
				275441762CCF8C1E008A06E5 /* Main.storyboard */,
				2754417C2CCF8C20008A06E5 /* Assets.xcassets */,
				2754417E2CCF8C20008A06E5 /* LaunchScreen.storyboard */,
				275441812CCF8C20008A06E5 /* Info.plist */,
				275441792CCF8C1E008A06E5 /* SeaFood.xcdatamodeld */,
				275441A32CCF8C53008A06E5 /* Inceptionv3.mlmodel */,
			);
			path = SeaFood;
			sourceTree = "<group>";
		};
		275441892CCF8C20008A06E5 /* SeaFoodTests */ = {
			isa = PBXGroup;
			children = (
				2754418A2CCF8C20008A06E5 /* SeaFoodTests.swift */,
			);
			path = SeaFoodTests;
			sourceTree = "<group>";
		};
		275441932CCF8C20008A06E5 /* SeaFoodUITests */ = {
			isa = PBXGroup;
			children = (
				275441942CCF8C20008A06E5 /* SeaFoodUITests.swift */,
				275441962CCF8C20008A06E5 /* SeaFoodUITestsLaunchTests.swift */,
			);
			path = SeaFoodUITests;
			sourceTree = "<group>";
		};
/* End PBXGroup section */

/* Begin PBXNativeTarget section */
		2754416C2CCF8C1E008A06E5 /* SeaFood */ = {
			isa = PBXNativeTarget;
			buildConfigurationList = 2754419A2CCF8C20008A06E5 /* Build configuration list for PBXNativeTarget "SeaFood" */;
			buildPhases = (
				275441692CCF8C1E008A06E5 /* Sources */,
				2754416A2CCF8C1E008A06E5 /* Frameworks */,
				2754416B2CCF8C1E008A06E5 /* Resources */,
			);
			buildRules = (
			);
			dependencies = (
			);
			name = SeaFood;
			productName = SeaFood;
			productReference = 2754416D2CCF8C1E008A06E5 /* SeaFood.app */;
			productType = "com.apple.product-type.application";
		};
		275441852CCF8C20008A06E5 /* SeaFoodTests */ = {
			isa = PBXNativeTarget;
			buildConfigurationList = 2754419D2CCF8C20008A06E5 /* Build configuration list for PBXNativeTarget "SeaFoodTests" */;
			buildPhases = (
				275441822CCF8C20008A06E5 /* Sources */,
				275441832CCF8C20008A06E5 /* Frameworks */,
				275441842CCF8C20008A06E5 /* Resources */,
			);
			buildRules = (
			);
			dependencies = (
				275441882CCF8C20008A06E5 /* PBXTargetDependency */,
			);
			name = SeaFoodTests;
			productName = SeaFoodTests;
			productReference = 275441862CCF8C20008A06E5 /* SeaFoodTests.xctest */;
			productType = "com.apple.product-type.bundle.unit-test";
		};
		2754418F2CCF8C20008A06E5 /* SeaFoodUITests */ = {
			isa = PBXNativeTarget;
			buildConfigurationList = 275441A02CCF8C20008A06E5 /* Build configuration list for PBXNativeTarget "SeaFoodUITests" */;
			buildPhases = (
				2754418C2CCF8C20008A06E5 /* Sources */,
				2754418D2CCF8C20008A06E5 /* Frameworks */,
				2754418E2CCF8C20008A06E5 /* Resources */,
			);
			buildRules = (
			);
			dependencies = (
				275441922CCF8C20008A06E5 /* PBXTargetDependency */,
			);
			name = SeaFoodUITests;
			productName = SeaFoodUITests;
			productReference = 275441902CCF8C20008A06E5 /* SeaFoodUITests.xctest */;
			productType = "com.apple.product-type.bundle.ui-testing";
		};
/* End PBXNativeTarget section */

/* Begin PBXProject section */
		275441652CCF8C1E008A06E5 /* Project object */ = {
			isa = PBXProject;
			attributes = {
				BuildIndependentTargetsInParallel = 1;
				LastSwiftUpdateCheck = 1540;
				LastUpgradeCheck = 1540;
				TargetAttributes = {
					2754416C2CCF8C1E008A06E5 = {
						CreatedOnToolsVersion = 15.4;
					};
					275441852CCF8C20008A06E5 = {
						CreatedOnToolsVersion = 15.4;
						TestTargetID = 2754416C2CCF8C1E008A06E5;
					};
					2754418F2CCF8C20008A06E5 = {
						CreatedOnToolsVersion = 15.4;
						TestTargetID = 2754416C2CCF8C1E008A06E5;
					};
				};
			};
			buildConfigurationList = 275441682CCF8C1E008A06E5 /* Build configuration list for PBXProject "SeaFood" */;
			compatibilityVersion = "Xcode 14.0";
			developmentRegion = en;
			hasScannedForEncodings = 0;
			knownRegions = (
				en,
				Base,
			);
			mainGroup = 275441642CCF8C1E008A06E5;
			productRefGroup = 2754416E2CCF8C1E008A06E5 /* Products */;
			projectDirPath = "";
			projectRoot = "";
			targets = (
				2754416C2CCF8C1E008A06E5 /* SeaFood */,
				275441852CCF8C20008A06E5 /* SeaFoodTests */,
				2754418F2CCF8C20008A06E5 /* SeaFoodUITests */,
			);
		};
/* End PBXProject section */

/* Begin PBXResourcesBuildPhase section */
		2754416B2CCF8C1E008A06E5 /* Resources */ = {
			isa = PBXResourcesBuildPhase;
			buildActionMask = 2147483647;
			files = (
				2754417D2CCF8C20008A06E5 /* Assets.xcassets in Resources */,
				275441802CCF8C20008A06E5 /* Base in Resources */,
				275441782CCF8C1E008A06E5 /* Base in Resources */,
			);
			runOnlyForDeploymentPostprocessing = 0;
		};
		275441842CCF8C20008A06E5 /* Resources */ = {
			isa = PBXResourcesBuildPhase;
			buildActionMask = 2147483647;
			files = (
			);
			runOnlyForDeploymentPostprocessing = 0;
		};
		2754418E2CCF8C20008A06E5 /* Resources */ = {
			isa = PBXResourcesBuildPhase;
			buildActionMask = 2147483647;
			files = (
			);
			runOnlyForDeploymentPostprocessing = 0;
		};
/* End PBXResourcesBuildPhase section */

/* Begin PBXSourcesBuildPhase section */
		275441692CCF8C1E008A06E5 /* Sources */ = {
			isa = PBXSourcesBuildPhase;
			buildActionMask = 2147483647;
			files = (
				275441A42CCF8C53008A06E5 /* Inceptionv3.mlmodel in Sources */,
				275441752CCF8C1E008A06E5 /* ViewController.swift in Sources */,
				2754417B2CCF8C1E008A06E5 /* SeaFood.xcdatamodeld in Sources */,
				275441712CCF8C1E008A06E5 /* AppDelegate.swift in Sources */,
				275441732CCF8C1E008A06E5 /* SceneDelegate.swift in Sources */,
			);
			runOnlyForDeploymentPostprocessing = 0;
		};
		275441822CCF8C20008A06E5 /* Sources */ = {
			isa = PBXSourcesBuildPhase;
			buildActionMask = 2147483647;
			files = (
				2754418B2CCF8C20008A06E5 /* SeaFoodTests.swift in Sources */,
			);
			runOnlyForDeploymentPostprocessing = 0;
		};
		2754418C2CCF8C20008A06E5 /* Sources */ = {
			isa = PBXSourcesBuildPhase;
			buildActionMask = 2147483647;
			files = (
				275441972CCF8C20008A06E5 /* SeaFoodUITestsLaunchTests.swift in Sources */,
				275441952CCF8C20008A06E5 /* SeaFoodUITests.swift in Sources */,
			);
			runOnlyForDeploymentPostprocessing = 0;
		};
/* End PBXSourcesBuildPhase section */

/* Begin PBXTargetDependency section */
		275441882CCF8C20008A06E5 /* PBXTargetDependency */ = {
			isa = PBXTargetDependency;
			target = 2754416C2CCF8C1E008A06E5 /* SeaFood */;
			targetProxy = 275441872CCF8C20008A06E5 /* PBXContainerItemProxy */;
		};
		275441922CCF8C20008A06E5 /* PBXTargetDependency */ = {
			isa = PBXTargetDependency;
			target = 2754416C2CCF8C1E008A06E5 /* SeaFood */;
			targetProxy = 275441912CCF8C20008A06E5 /* PBXContainerItemProxy */;
		};
/* End PBXTargetDependency section */

/* Begin PBXVariantGroup section */
		275441762CCF8C1E008A06E5 /* Main.storyboard */ = {
			isa = PBXVariantGroup;
			children = (
				275441772CCF8C1E008A06E5 /* Base */,
			);
			name = Main.storyboard;
			sourceTree = "<group>";
		};
		2754417E2CCF8C20008A06E5 /* LaunchScreen.storyboard */ = {
			isa = PBXVariantGroup;
			children = (
				2754417F2CCF8C20008A06E5 /* Base */,
			);
			name = LaunchScreen.storyboard;
			sourceTree = "<group>";
		};
/* End PBXVariantGroup section */

/* Begin XCBuildConfiguration section */
		275441982CCF8C20008A06E5 /* Debug */ = {
			isa = XCBuildConfiguration;
			buildSettings = {
				ALWAYS_SEARCH_USER_PATHS = NO;
				ASSETCATALOG_COMPILER_GENERATE_SWIFT_ASSET_SYMBOL_EXTENSIONS = YES;
				CLANG_ANALYZER_NONNULL = YES;
				CLANG_ANALYZER_NUMBER_OBJECT_CONVERSION = YES_AGGRESSIVE;
				CLANG_CXX_LANGUAGE_STANDARD = "gnu++20";
				CLANG_ENABLE_MODULES = YES;
				CLANG_ENABLE_OBJC_ARC = YES;
				CLANG_ENABLE_OBJC_WEAK = YES;
				CLANG_WARN_BLOCK_CAPTURE_AUTORELEASING = YES;
				CLANG_WARN_BOOL_CONVERSION = YES;
				CLANG_WARN_COMMA = YES;
				CLANG_WARN_CONSTANT_CONVERSION = YES;
				CLANG_WARN_DEPRECATED_OBJC_IMPLEMENTATIONS = YES;
				CLANG_WARN_DIRECT_OBJC_ISA_USAGE = YES_ERROR;
				CLANG_WARN_DOCUMENTATION_COMMENTS = YES;
				CLANG_WARN_EMPTY_BODY = YES;
				CLANG_WARN_ENUM_CONVERSION = YES;
				CLANG_WARN_INFINITE_RECURSION = YES;
				CLANG_WARN_INT_CONVERSION = YES;
				CLANG_WARN_NON_LITERAL_NULL_CONVERSION = YES;
				CLANG_WARN_OBJC_IMPLICIT_RETAIN_SELF = YES;
				CLANG_WARN_OBJC_LITERAL_CONVERSION = YES;
				CLANG_WARN_OBJC_ROOT_CLASS = YES_ERROR;
				CLANG_WARN_QUOTED_INCLUDE_IN_FRAMEWORK_HEADER = YES;
				CLANG_WARN_RANGE_LOOP_ANALYSIS = YES;
				CLANG_WARN_STRICT_PROTOTYPES = YES;
				CLANG_WARN_SUSPICIOUS_MOVE = YES;
				CLANG_WARN_UNGUARDED_AVAILABILITY = YES_AGGRESSIVE;
				CLANG_WARN_UNREACHABLE_CODE = YES;
				CLANG_WARN__DUPLICATE_METHOD_MATCH = YES;
				COPY_PHASE_STRIP = NO;
				DEBUG_INFORMATION_FORMAT = dwarf;
				ENABLE_STRICT_OBJC_MSGSEND = YES;
				ENABLE_TESTABILITY = YES;
				ENABLE_USER_SCRIPT_SANDBOXING = YES;
				GCC_C_LANGUAGE_STANDARD = gnu17;
				GCC_DYNAMIC_NO_PIC = NO;
				GCC_NO_COMMON_BLOCKS = YES;
				GCC_OPTIMIZATION_LEVEL = 0;
				GCC_PREPROCESSOR_DEFINITIONS = (
					"DEBUG=1",
					"$(inherited)",
				);
				GCC_WARN_64_TO_32_BIT_CONVERSION = YES;
				GCC_WARN_ABOUT_RETURN_TYPE = YES_ERROR;
				GCC_WARN_UNDECLARED_SELECTOR = YES;
				GCC_WARN_UNINITIALIZED_AUTOS = YES_AGGRESSIVE;
				GCC_WARN_UNUSED_FUNCTION = YES;
				GCC_WARN_UNUSED_VARIABLE = YES;
				IPHONEOS_DEPLOYMENT_TARGET = 17.5;
				LOCALIZATION_PREFERS_STRING_CATALOGS = YES;
				MTL_ENABLE_DEBUG_INFO = INCLUDE_SOURCE;
				MTL_FAST_MATH = YES;
				ONLY_ACTIVE_ARCH = YES;
				SDKROOT = iphoneos;
				SWIFT_ACTIVE_COMPILATION_CONDITIONS = "DEBUG $(inherited)";
				SWIFT_OPTIMIZATION_LEVEL = "-Onone";
			};
			name = Debug;
		};
		275441992CCF8C20008A06E5 /* Release */ = {
			isa = XCBuildConfiguration;
			buildSettings = {
				ALWAYS_SEARCH_USER_PATHS = NO;
				ASSETCATALOG_COMPILER_GENERATE_SWIFT_ASSET_SYMBOL_EXTENSIONS = YES;
				CLANG_ANALYZER_NONNULL = YES;
				CLANG_ANALYZER_NUMBER_OBJECT_CONVERSION = YES_AGGRESSIVE;
				CLANG_CXX_LANGUAGE_STANDARD = "gnu++20";
				CLANG_ENABLE_MODULES = YES;
				CLANG_ENABLE_OBJC_ARC = YES;
				CLANG_ENABLE_OBJC_WEAK = YES;
				CLANG_WARN_BLOCK_CAPTURE_AUTORELEASING = YES;
				CLANG_WARN_BOOL_CONVERSION = YES;
				CLANG_WARN_COMMA = YES;
				CLANG_WARN_CONSTANT_CONVERSION = YES;
				CLANG_WARN_DEPRECATED_OBJC_IMPLEMENTATIONS = YES;
				CLANG_WARN_DIRECT_OBJC_ISA_USAGE = YES_ERROR;
				CLANG_WARN_DOCUMENTATION_COMMENTS = YES;
				CLANG_WARN_EMPTY_BODY = YES;
				CLANG_WARN_ENUM_CONVERSION = YES;
				CLANG_WARN_INFINITE_RECURSION = YES;
				CLANG_WARN_INT_CONVERSION = YES;
				CLANG_WARN_NON_LITERAL_NULL_CONVERSION = YES;
				CLANG_WARN_OBJC_IMPLICIT_RETAIN_SELF = YES;
				CLANG_WARN_OBJC_LITERAL_CONVERSION = YES;
				CLANG_WARN_OBJC_ROOT_CLASS = YES_ERROR;
				CLANG_WARN_QUOTED_INCLUDE_IN_FRAMEWORK_HEADER = YES;
				CLANG_WARN_RANGE_LOOP_ANALYSIS = YES;
				CLANG_WARN_STRICT_PROTOTYPES = YES;
				CLANG_WARN_SUSPICIOUS_MOVE = YES;
				CLANG_WARN_UNGUARDED_AVAILABILITY = YES_AGGRESSIVE;
				CLANG_WARN_UNREACHABLE_CODE = YES;
				CLANG_WARN__DUPLICATE_METHOD_MATCH = YES;
				COPY_PHASE_STRIP = NO;
				DEBUG_INFORMATION_FORMAT = "dwarf-with-dsym";
				ENABLE_NS_ASSERTIONS = NO;
				ENABLE_STRICT_OBJC_MSGSEND = YES;
				ENABLE_USER_SCRIPT_SANDBOXING = YES;
				GCC_C_LANGUAGE_STANDARD = gnu17;
				GCC_NO_COMMON_BLOCKS = YES;
				GCC_WARN_64_TO_32_BIT_CONVERSION = YES;
				GCC_WARN_ABOUT_RETURN_TYPE = YES_ERROR;
				GCC_WARN_UNDECLARED_SELECTOR = YES;
				GCC_WARN_UNINITIALIZED_AUTOS = YES_AGGRESSIVE;
				GCC_WARN_UNUSED_FUNCTION = YES;
				GCC_WARN_UNUSED_VARIABLE = YES;
				IPHONEOS_DEPLOYMENT_TARGET = 17.5;
				LOCALIZATION_PREFERS_STRING_CATALOGS = YES;
				MTL_ENABLE_DEBUG_INFO = NO;
				MTL_FAST_MATH = YES;
				SDKROOT = iphoneos;
				SWIFT_COMPILATION_MODE = wholemodule;
				VALIDATE_PRODUCT = YES;
			};
			name = Release;
		};
		2754419B2CCF8C20008A06E5 /* Debug */ = {
			isa = XCBuildConfiguration;
			buildSettings = {
				ASSETCATALOG_COMPILER_APPICON_NAME = AppIcon;
				ASSETCATALOG_COMPILER_GLOBAL_ACCENT_COLOR_NAME = AccentColor;
				CODE_SIGN_STYLE = Automatic;
				CURRENT_PROJECT_VERSION = 1;
				DEVELOPMENT_TEAM = 839PGN9VHU;
				GENERATE_INFOPLIST_FILE = YES;
				INFOPLIST_FILE = SeaFood/Info.plist;
				INFOPLIST_KEY_UIApplicationSupportsIndirectInputEvents = YES;
				INFOPLIST_KEY_UILaunchStoryboardName = LaunchScreen;
				INFOPLIST_KEY_UIMainStoryboardFile = Main;
				INFOPLIST_KEY_UISupportedInterfaceOrientations_iPad = "UIInterfaceOrientationPortrait UIInterfaceOrientationPortraitUpsideDown UIInterfaceOrientationLandscapeLeft UIInterfaceOrientationLandscapeRight";
				INFOPLIST_KEY_UISupportedInterfaceOrientations_iPhone = "UIInterfaceOrientationPortrait UIInterfaceOrientationLandscapeLeft UIInterfaceOrientationLandscapeRight";
				IPHONEOS_DEPLOYMENT_TARGET = 16.6;
				LD_RUNPATH_SEARCH_PATHS = (
					"$(inherited)",
					"@executable_path/Frameworks",
				);
				MARKETING_VERSION = 1.0;
				PRODUCT_BUNDLE_IDENTIFIER = com.Onat.SeaFood;
				PRODUCT_NAME = "$(TARGET_NAME)";
				SWIFT_EMIT_LOC_STRINGS = YES;
				SWIFT_VERSION = 5.0;
				TARGETED_DEVICE_FAMILY = "1,2";
			};
			name = Debug;
		};
		2754419C2CCF8C20008A06E5 /* Release */ = {
			isa = XCBuildConfiguration;
			buildSettings = {
				ASSETCATALOG_COMPILER_APPICON_NAME = AppIcon;
				ASSETCATALOG_COMPILER_GLOBAL_ACCENT_COLOR_NAME = AccentColor;
				CODE_SIGN_STYLE = Automatic;
				CURRENT_PROJECT_VERSION = 1;
				DEVELOPMENT_TEAM = 839PGN9VHU;
				GENERATE_INFOPLIST_FILE = YES;
				INFOPLIST_FILE = SeaFood/Info.plist;
				INFOPLIST_KEY_UIApplicationSupportsIndirectInputEvents = YES;
				INFOPLIST_KEY_UILaunchStoryboardName = LaunchScreen;
				INFOPLIST_KEY_UIMainStoryboardFile = Main;
				INFOPLIST_KEY_UISupportedInterfaceOrientations_iPad = "UIInterfaceOrientationPortrait UIInterfaceOrientationPortraitUpsideDown UIInterfaceOrientationLandscapeLeft UIInterfaceOrientationLandscapeRight";
				INFOPLIST_KEY_UISupportedInterfaceOrientations_iPhone = "UIInterfaceOrientationPortrait UIInterfaceOrientationLandscapeLeft UIInterfaceOrientationLandscapeRight";
				IPHONEOS_DEPLOYMENT_TARGET = 16.6;
				LD_RUNPATH_SEARCH_PATHS = (
					"$(inherited)",
					"@executable_path/Frameworks",
				);
				MARKETING_VERSION = 1.0;
				PRODUCT_BUNDLE_IDENTIFIER = com.Onat.SeaFood;
				PRODUCT_NAME = "$(TARGET_NAME)";
				SWIFT_EMIT_LOC_STRINGS = YES;
				SWIFT_VERSION = 5.0;
				TARGETED_DEVICE_FAMILY = "1,2";
			};
			name = Release;
		};
		2754419E2CCF8C20008A06E5 /* Debug */ = {
			isa = XCBuildConfiguration;
			buildSettings = {
				ALWAYS_EMBED_SWIFT_STANDARD_LIBRARIES = YES;
				BUNDLE_LOADER = "$(TEST_HOST)";
				CODE_SIGN_STYLE = Automatic;
				CURRENT_PROJECT_VERSION = 1;
				GENERATE_INFOPLIST_FILE = YES;
				IPHONEOS_DEPLOYMENT_TARGET = 17.5;
				MARKETING_VERSION = 1.0;
				PRODUCT_BUNDLE_IDENTIFIER = com.Onat.SeaFoodTests;
				PRODUCT_NAME = "$(TARGET_NAME)";
				SWIFT_EMIT_LOC_STRINGS = NO;
				SWIFT_VERSION = 5.0;
				TARGETED_DEVICE_FAMILY = "1,2";
				TEST_HOST = "$(BUILT_PRODUCTS_DIR)/SeaFood.app/$(BUNDLE_EXECUTABLE_FOLDER_PATH)/SeaFood";
			};
			name = Debug;
		};
		2754419F2CCF8C20008A06E5 /* Release */ = {
			isa = XCBuildConfiguration;
			buildSettings = {
				ALWAYS_EMBED_SWIFT_STANDARD_LIBRARIES = YES;
				BUNDLE_LOADER = "$(TEST_HOST)";
				CODE_SIGN_STYLE = Automatic;
				CURRENT_PROJECT_VERSION = 1;
				GENERATE_INFOPLIST_FILE = YES;
				IPHONEOS_DEPLOYMENT_TARGET = 17.5;
				MARKETING_VERSION = 1.0;
				PRODUCT_BUNDLE_IDENTIFIER = com.Onat.SeaFoodTests;
				PRODUCT_NAME = "$(TARGET_NAME)";
				SWIFT_EMIT_LOC_STRINGS = NO;
				SWIFT_VERSION = 5.0;
				TARGETED_DEVICE_FAMILY = "1,2";
				TEST_HOST = "$(BUILT_PRODUCTS_DIR)/SeaFood.app/$(BUNDLE_EXECUTABLE_FOLDER_PATH)/SeaFood";
			};
			name = Release;
		};
		275441A12CCF8C20008A06E5 /* Debug */ = {
			isa = XCBuildConfiguration;
			buildSettings = {
				ALWAYS_EMBED_SWIFT_STANDARD_LIBRARIES = YES;
				CODE_SIGN_STYLE = Automatic;
				CURRENT_PROJECT_VERSION = 1;
				GENERATE_INFOPLIST_FILE = YES;
				MARKETING_VERSION = 1.0;
				PRODUCT_BUNDLE_IDENTIFIER = com.Onat.SeaFoodUITests;
				PRODUCT_NAME = "$(TARGET_NAME)";
				SWIFT_EMIT_LOC_STRINGS = NO;
				SWIFT_VERSION = 5.0;
				TARGETED_DEVICE_FAMILY = "1,2";
				TEST_TARGET_NAME = SeaFood;
			};
			name = Debug;
		};
		275441A22CCF8C20008A06E5 /* Release */ = {
			isa = XCBuildConfiguration;
			buildSettings = {
				ALWAYS_EMBED_SWIFT_STANDARD_LIBRARIES = YES;
				CODE_SIGN_STYLE = Automatic;
				CURRENT_PROJECT_VERSION = 1;
				GENERATE_INFOPLIST_FILE = YES;
				MARKETING_VERSION = 1.0;
				PRODUCT_BUNDLE_IDENTIFIER = com.Onat.SeaFoodUITests;
				PRODUCT_NAME = "$(TARGET_NAME)";
				SWIFT_EMIT_LOC_STRINGS = NO;
				SWIFT_VERSION = 5.0;
				TARGETED_DEVICE_FAMILY = "1,2";
				TEST_TARGET_NAME = SeaFood;
			};
			name = Release;
		};
/* End XCBuildConfiguration section */

/* Begin XCConfigurationList section */
		275441682CCF8C1E008A06E5 /* Build configuration list for PBXProject "SeaFood" */ = {
			isa = XCConfigurationList;
			buildConfigurations = (
				275441982CCF8C20008A06E5 /* Debug */,
				275441992CCF8C20008A06E5 /* Release */,
			);
			defaultConfigurationIsVisible = 0;
			defaultConfigurationName = Release;
		};
		2754419A2CCF8C20008A06E5 /* Build configuration list for PBXNativeTarget "SeaFood" */ = {
			isa = XCConfigurationList;
			buildConfigurations = (
				2754419B2CCF8C20008A06E5 /* Debug */,
				2754419C2CCF8C20008A06E5 /* Release */,
			);
			defaultConfigurationIsVisible = 0;
			defaultConfigurationName = Release;
		};
		2754419D2CCF8C20008A06E5 /* Build configuration list for PBXNativeTarget "SeaFoodTests" */ = {
			isa = XCConfigurationList;
			buildConfigurations = (
				2754419E2CCF8C20008A06E5 /* Debug */,
				2754419F2CCF8C20008A06E5 /* Release */,
			);
			defaultConfigurationIsVisible = 0;
			defaultConfigurationName = Release;
		};
		275441A02CCF8C20008A06E5 /* Build configuration list for PBXNativeTarget "SeaFoodUITests" */ = {
			isa = XCConfigurationList;
			buildConfigurations = (
				275441A12CCF8C20008A06E5 /* Debug */,
				275441A22CCF8C20008A06E5 /* Release */,
			);
			defaultConfigurationIsVisible = 0;
			defaultConfigurationName = Release;
		};
/* End XCConfigurationList section */

/* Begin XCVersionGroup section */
		275441792CCF8C1E008A06E5 /* SeaFood.xcdatamodeld */ = {
			isa = XCVersionGroup;
			children = (
				2754417A2CCF8C1E008A06E5 /* SeaFood.xcdatamodel */,
			);
			currentVersion = 2754417A2CCF8C1E008A06E5 /* SeaFood.xcdatamodel */;
			path = SeaFood.xcdatamodeld;
			sourceTree = "<group>";
			versionGroupType = wrapper.xcdatamodel;
		};
/* End XCVersionGroup section */
	};
	rootObject = 275441652CCF8C1E008A06E5 /* Project object */;
}
